
Microsoft Visual Studio Solution File, Format Version 12.00
# Visual Studio Version 16
VisualStudioVersion = 16.0.30503.244
MinimumVisualStudioVersion = 10.0.40219.1
Project("{8BC9CEB8-8B4A-11D0-8D11-00A0C91BC942}") = "Project19", "Project19\Project19.vcxproj", "{C6642FB0-E13C-444B-B37C-17A59520DBE5}"
EndProject
Global
	GlobalSection(SolutionConfigurationPlatforms) = preSolution
		Debug|x64 = Debug|x64
		Debug|x86 = Debug|x86
		Release|x64 = Release|x64
		Release|x86 = Release|x86
	EndGlobalSection
	GlobalSection(ProjectConfigurationPlatforms) = postSolution
		{C6642FB0-E13C-444B-B37C-17A59520DBE5}.Debug|x64.ActiveCfg = Debug|x64
		{C6642FB0-E13C-444B-B37C-17A59520DBE5}.Debug|x64.Build.0 = Debug|x64
		{C6642FB0-E13C-444B-B37C-17A59520DBE5}.Debug|x86.ActiveCfg = Debug|Win32
		{C6642FB0-E13C-444B-B37C-17A59520DBE5}.Debug|x86.Build.0 = Debug|Win32
		{C6642FB0-E13C-444B-B37C-17A59520DBE5}.Release|x64.ActiveCfg = Release|x64
		{C6642FB0-E13C-444B-B37C-17A59520DBE5}.Release|x64.Build.0 = Release|x64
		{C6642FB0-E13C-444B-B37C-17A59520DBE5}.Release|x86.ActiveCfg = Release|Win32
		{C6642FB0-E13C-444B-B37C-17A59520DBE5}.Release|x86.Build.0 = Release|Win32
	EndGlobalSection
	GlobalSection(SolutionProperties) = preSolution
		HideSolutionNode = FALSE
	EndGlobalSection
	GlobalSection(ExtensibilityGlobals) = postSolution
		SolutionGuid = {B407A063-26DB-412E-9B88-61CA42A383ED}
	EndGlobalSection
EndGlobal
